
Microsoft Visual Studio Solution File, Format Version 12.00
# Visual Studio 15
VisualStudioVersion = 15.0.27703.2035
MinimumVisualStudioVersion = 10.0.40219.1
Project("{FAE04EC0-301F-11D3-BF4B-00C04F79EFBC}") = "FacadeDesignPattern", "FacadeDesignPattern\FacadeDesignPattern.csproj", "{1D30CFDC-7F1E-4F29-98AC-BC9E1E82E56C}"
EndProject
Project("{FAE04EC0-301F-11D3-BF4B-00C04F79EFBC}") = "BLL", "BLL\BLL.csproj", "{F6EE8040-685C-4C06-B4CA-73E8493C4E30}"
EndProject
Project("{FAE04EC0-301F-11D3-BF4B-00C04F79EFBC}") = "DAL", "DAL\DAL.csproj", "{6178F45E-90B4-4E4A-A5C6-6A5618F7A496}"
EndProject
Project("{FAE04EC0-301F-11D3-BF4B-00C04F79EFBC}") = "Entities", "Entities\Entities.csproj", "{6D95FAE9-BC8B-4055-8B7F-15057FFFABD9}"
EndProject
Global
	GlobalSection(SolutionConfigurationPlatforms) = preSolution
		Debug|Any CPU = Debug|Any CPU
		Release|Any CPU = Release|Any CPU
	EndGlobalSection
	GlobalSection(ProjectConfigurationPlatforms) = postSolution
		{1D30CFDC-7F1E-4F29-98AC-BC9E1E82E56C}.Debug|Any CPU.ActiveCfg = Debug|Any CPU
		{1D30CFDC-7F1E-4F29-98AC-BC9E1E82E56C}.Debug|Any CPU.Build.0 = Debug|Any CPU
		{1D30CFDC-7F1E-4F29-98AC-BC9E1E82E56C}.Release|Any CPU.ActiveCfg = Release|Any CPU
		{1D30CFDC-7F1E-4F29-98AC-BC9E1E82E56C}.Release|Any CPU.Build.0 = Release|Any CPU
		{F6EE8040-685C-4C06-B4CA-73E8493C4E30}.Debug|Any CPU.ActiveCfg = Debug|Any CPU
		{F6EE8040-685C-4C06-B4CA-73E8493C4E30}.Debug|Any CPU.Build.0 = Debug|Any CPU
		{F6EE8040-685C-4C06-B4CA-73E8493C4E30}.Release|Any CPU.ActiveCfg = Release|Any CPU
		{F6EE8040-685C-4C06-B4CA-73E8493C4E30}.Release|Any CPU.Build.0 = Release|Any CPU
		{6178F45E-90B4-4E4A-A5C6-6A5618F7A496}.Debug|Any CPU.ActiveCfg = Debug|Any CPU
		{6178F45E-90B4-4E4A-A5C6-6A5618F7A496}.Debug|Any CPU.Build.0 = Debug|Any CPU
		{6178F45E-90B4-4E4A-A5C6-6A5618F7A496}.Release|Any CPU.ActiveCfg = Release|Any CPU
		{6178F45E-90B4-4E4A-A5C6-6A5618F7A496}.Release|Any CPU.Build.0 = Release|Any CPU
		{6D95FAE9-BC8B-4055-8B7F-15057FFFABD9}.Debug|Any CPU.ActiveCfg = Debug|Any CPU
		{6D95FAE9-BC8B-4055-8B7F-15057FFFABD9}.Debug|Any CPU.Build.0 = Debug|Any CPU
		{6D95FAE9-BC8B-4055-8B7F-15057FFFABD9}.Release|Any CPU.ActiveCfg = Release|Any CPU
		{6D95FAE9-BC8B-4055-8B7F-15057FFFABD9}.Release|Any CPU.Build.0 = Release|Any CPU
	EndGlobalSection
	GlobalSection(SolutionProperties) = preSolution
		HideSolutionNode = FALSE
	EndGlobalSection
	GlobalSection(ExtensibilityGlobals) = postSolution
		SolutionGuid = {41106A81-9252-4093-A558-180B8A5114B5}
	EndGlobalSection
EndGlobal
